
Microsoft Visual Studio Solution File, Format Version 12.00
# Visual Studio Version 17
VisualStudioVersion = 17.0.31912.275
MinimumVisualStudioVersion = 10.0.40219.1
Project("{9A19103F-16F7-4668-BE54-9A1E7A4F7556}") = "MusicalogWeb", "MusicalogWeb\MusicalogWeb.csproj", "{03B5381C-0DF2-482A-B732-B6552F5540E3}"
EndProject
Project("{FAE04EC0-301F-11D3-BF4B-00C04F79EFBC}") = "MusicalogAPITests", "MusicalogAPITests\MusicalogAPITests.csproj", "{AF32A887-CCE2-4912-84CA-8707FE5246CA}"
EndProject
Project("{9A19103F-16F7-4668-BE54-9A1E7A4F7556}") = "MusicalogAPI", "MusicalogAPI\MusicalogAPI.csproj", "{2C3C053F-F59C-4251-ABC7-7D8AD8121A70}"
EndProject
Global
	GlobalSection(SolutionConfigurationPlatforms) = preSolution
		Debug|Any CPU = Debug|Any CPU
		Release|Any CPU = Release|Any CPU
	EndGlobalSection
	GlobalSection(ProjectConfigurationPlatforms) = postSolution
		{03B5381C-0DF2-482A-B732-B6552F5540E3}.Debug|Any CPU.ActiveCfg = Debug|Any CPU
		{03B5381C-0DF2-482A-B732-B6552F5540E3}.Debug|Any CPU.Build.0 = Debug|Any CPU
		{03B5381C-0DF2-482A-B732-B6552F5540E3}.Release|Any CPU.ActiveCfg = Release|Any CPU
		{03B5381C-0DF2-482A-B732-B6552F5540E3}.Release|Any CPU.Build.0 = Release|Any CPU
		{AF32A887-CCE2-4912-84CA-8707FE5246CA}.Debug|Any CPU.ActiveCfg = Debug|Any CPU
		{AF32A887-CCE2-4912-84CA-8707FE5246CA}.Debug|Any CPU.Build.0 = Debug|Any CPU
		{AF32A887-CCE2-4912-84CA-8707FE5246CA}.Release|Any CPU.ActiveCfg = Release|Any CPU
		{AF32A887-CCE2-4912-84CA-8707FE5246CA}.Release|Any CPU.Build.0 = Release|Any CPU
		{2C3C053F-F59C-4251-ABC7-7D8AD8121A70}.Debug|Any CPU.ActiveCfg = Debug|Any CPU
		{2C3C053F-F59C-4251-ABC7-7D8AD8121A70}.Debug|Any CPU.Build.0 = Debug|Any CPU
		{2C3C053F-F59C-4251-ABC7-7D8AD8121A70}.Release|Any CPU.ActiveCfg = Release|Any CPU
		{2C3C053F-F59C-4251-ABC7-7D8AD8121A70}.Release|Any CPU.Build.0 = Release|Any CPU
	EndGlobalSection
	GlobalSection(SolutionProperties) = preSolution
		HideSolutionNode = FALSE
	EndGlobalSection
	GlobalSection(ExtensibilityGlobals) = postSolution
		SolutionGuid = {1875DB60-491D-45C7-91ED-865DE865B19B}
	EndGlobalSection
EndGlobal
